{
  "pins" : [
    {
      "identity" : "ios_sdk",
      "kind" : "remoteSourceControl",
      "location" : "https://github.com/adjust/ios_sdk",
      "state" : {
        "revision" : "e163732d55c3c0eb749f22418b6e4855839696c3",
        "version" : "4.38.4"
      }
    },
    {
      "identity" : "mixpanel-swift",
      "kind" : "remoteSourceControl",
      "location" : "https://github.com/mixpanel/mixpanel-swift",
      "state" : {
        "revision" : "f1b8ceb52f9fe2b0dcd80679b96a42a858b103f0",
        "version" : "5.1.1"
      }
    },
    {
      "identity" : "purchases-ios-spm",
      "kind" : "remoteSourceControl",
      "location" : "https://github.com/RevenueCat/purchases-ios-spm",
      "state" : {
        "revision" : "06c0e8b9d38e535307776405e1ed13c326f8878c",
        "version" : "5.39.0"
      }
    },
    {
      "identity" : "superscript-ios",
      "kind" : "remoteSourceControl",
      "location" : "https://github.com/superwall/Superscript-iOS",
      "state" : {
        "revision" : "59227a3450de9b06857986bc317be387bca3ed4b",
        "version" : "1.0.2"
      }
    },
    {
      "identity" : "superwall-ios",
      "kind" : "remoteSourceControl",
      "location" : "https://github.com/superwall/Superwall-iOS",
      "state" : {
        "revision" : "a24f12279c985ea08035f7477b53c273f71e76f2",
        "version" : "4.8.1"
      }
    }
  ],
  "version" : 2
}
